
Microsoft Visual Studio Solution File, Format Version 12.00
# Visual Studio Version 17
VisualStudioVersion = 17.2.32630.192
MinimumVisualStudioVersion = 10.0.40219.1
Project("{9A19103F-16F7-4668-BE54-9A1E7A4F7556}") = "IngStats", "IngStats\IngStats.csproj", "{80AD60CF-61B7-455C-A82C-12E684704A9B}"
EndProject
Global
	GlobalSection(SolutionConfigurationPlatforms) = preSolution
		Debug|Any CPU = Debug|Any CPU
		Release|Any CPU = Release|Any CPU
	EndGlobalSection
	GlobalSection(ProjectConfigurationPlatforms) = postSolution
		{80AD60CF-61B7-455C-A82C-12E684704A9B}.Debug|Any CPU.ActiveCfg = Debug|Any CPU
		{80AD60CF-61B7-455C-A82C-12E684704A9B}.Debug|Any CPU.Build.0 = Debug|Any CPU
		{80AD60CF-61B7-455C-A82C-12E684704A9B}.Release|Any CPU.ActiveCfg = Release|Any CPU
		{80AD60CF-61B7-455C-A82C-12E684704A9B}.Release|Any CPU.Build.0 = Release|Any CPU
	EndGlobalSection
	GlobalSection(SolutionProperties) = preSolution
		HideSolutionNode = FALSE
	EndGlobalSection
	GlobalSection(ExtensibilityGlobals) = postSolution
		SolutionGuid = {8E5E9A99-2244-423A-A016-0BE2C65A52E1}
	EndGlobalSection
EndGlobal
